
Microsoft Visual Studio Solution File, Format Version 12.00
# Visual Studio 15
VisualStudioVersion = 15.0.28307.960
MinimumVisualStudioVersion = 10.0.40219.1
Project("{FAE04EC0-301F-11D3-BF4B-00C04F79EFBC}") = "Put_Image_In_DataBase_EF", "Put_Image_In_DataBase_EF.csproj", "{68C89B82-DBD8-46CB-83F9-D7C6028097F6}"
EndProject
Global
	GlobalSection(SolutionConfigurationPlatforms) = preSolution
		Debug|Any CPU = Debug|Any CPU
		Release|Any CPU = Release|Any CPU
	EndGlobalSection
	GlobalSection(ProjectConfigurationPlatforms) = postSolution
		{68C89B82-DBD8-46CB-83F9-D7C6028097F6}.Debug|Any CPU.ActiveCfg = Debug|Any CPU
		{68C89B82-DBD8-46CB-83F9-D7C6028097F6}.Debug|Any CPU.Build.0 = Debug|Any CPU
		{68C89B82-DBD8-46CB-83F9-D7C6028097F6}.Release|Any CPU.ActiveCfg = Release|Any CPU
		{68C89B82-DBD8-46CB-83F9-D7C6028097F6}.Release|Any CPU.Build.0 = Release|Any CPU
	EndGlobalSection
	GlobalSection(SolutionProperties) = preSolution
		HideSolutionNode = FALSE
	EndGlobalSection
	GlobalSection(ExtensibilityGlobals) = postSolution
		SolutionGuid = {F44FA281-AFA0-4616-B129-E5DDBF47665C}
	EndGlobalSection
EndGlobal
